
Microsoft Visual Studio Solution File, Format Version 12.00
# Visual Studio 15
VisualStudioVersion = 15.0.28010.2050
MinimumVisualStudioVersion = 10.0.40219.1
Project("{FAE04EC0-301F-11D3-BF4B-00C04F79EFBC}") = "Resistance Calculation", "Resistance Calculation\Resistance Calculation.csproj", "{21A3A40E-4201-4DA7-B954-F43F031C1A84}"
EndProject
Global
	GlobalSection(SolutionConfigurationPlatforms) = preSolution
		Debug|Any CPU = Debug|Any CPU
		Release|Any CPU = Release|Any CPU
	EndGlobalSection
	GlobalSection(ProjectConfigurationPlatforms) = postSolution
		{21A3A40E-4201-4DA7-B954-F43F031C1A84}.Debug|Any CPU.ActiveCfg = Debug|Any CPU
		{21A3A40E-4201-4DA7-B954-F43F031C1A84}.Debug|Any CPU.Build.0 = Debug|Any CPU
		{21A3A40E-4201-4DA7-B954-F43F031C1A84}.Release|Any CPU.ActiveCfg = Release|Any CPU
		{21A3A40E-4201-4DA7-B954-F43F031C1A84}.Release|Any CPU.Build.0 = Release|Any CPU
	EndGlobalSection
	GlobalSection(SolutionProperties) = preSolution
		HideSolutionNode = FALSE
	EndGlobalSection
	GlobalSection(ExtensibilityGlobals) = postSolution
		SolutionGuid = {CCC9DFBC-486E-4105-AE5B-766DB7E8F532}
	EndGlobalSection
EndGlobal
